
Microsoft Visual Studio Solution File, Format Version 12.00
# Visual Studio 15
VisualStudioVersion = 15.0.26124.0
MinimumVisualStudioVersion = 15.0.26124.0
Project("{FAE04EC0-301F-11D3-BF4B-00C04F79EFBC}") = "Indexer", "Indexer\Indexer.csproj", "{5EA2261B-8BCD-4BC5-AE33-7E6098BB1DA6}"
EndProject
Project("{FAE04EC0-301F-11D3-BF4B-00C04F79EFBC}") = "Common", "Common\Common.csproj", "{B9BE2CF5-7B87-41F0-9B0F-E1CEB9A9336D}"
EndProject
Project("{FAE04EC0-301F-11D3-BF4B-00C04F79EFBC}") = "Querier", "Querier\Querier.csproj", "{29DEAADA-1DE0-4D9F-9252-B5CFA658287F}"
EndProject
Global
	GlobalSection(SolutionConfigurationPlatforms) = preSolution
		Debug|Any CPU = Debug|Any CPU
		Debug|x64 = Debug|x64
		Debug|x86 = Debug|x86
		Release|Any CPU = Release|Any CPU
		Release|x64 = Release|x64
		Release|x86 = Release|x86
	EndGlobalSection
	GlobalSection(SolutionProperties) = preSolution
		HideSolutionNode = FALSE
	EndGlobalSection
	GlobalSection(ProjectConfigurationPlatforms) = postSolution
		{5EA2261B-8BCD-4BC5-AE33-7E6098BB1DA6}.Debug|Any CPU.ActiveCfg = Debug|Any CPU
		{5EA2261B-8BCD-4BC5-AE33-7E6098BB1DA6}.Debug|Any CPU.Build.0 = Debug|Any CPU
		{5EA2261B-8BCD-4BC5-AE33-7E6098BB1DA6}.Debug|x64.ActiveCfg = Debug|Any CPU
		{5EA2261B-8BCD-4BC5-AE33-7E6098BB1DA6}.Debug|x64.Build.0 = Debug|Any CPU
		{5EA2261B-8BCD-4BC5-AE33-7E6098BB1DA6}.Debug|x86.ActiveCfg = Debug|Any CPU
		{5EA2261B-8BCD-4BC5-AE33-7E6098BB1DA6}.Debug|x86.Build.0 = Debug|Any CPU
		{5EA2261B-8BCD-4BC5-AE33-7E6098BB1DA6}.Release|Any CPU.ActiveCfg = Release|Any CPU
		{5EA2261B-8BCD-4BC5-AE33-7E6098BB1DA6}.Release|Any CPU.Build.0 = Release|Any CPU
		{5EA2261B-8BCD-4BC5-AE33-7E6098BB1DA6}.Release|x64.ActiveCfg = Release|Any CPU
		{5EA2261B-8BCD-4BC5-AE33-7E6098BB1DA6}.Release|x64.Build.0 = Release|Any CPU
		{5EA2261B-8BCD-4BC5-AE33-7E6098BB1DA6}.Release|x86.ActiveCfg = Release|Any CPU
		{5EA2261B-8BCD-4BC5-AE33-7E6098BB1DA6}.Release|x86.Build.0 = Release|Any CPU
		{B9BE2CF5-7B87-41F0-9B0F-E1CEB9A9336D}.Debug|Any CPU.ActiveCfg = Debug|Any CPU
		{B9BE2CF5-7B87-41F0-9B0F-E1CEB9A9336D}.Debug|Any CPU.Build.0 = Debug|Any CPU
		{B9BE2CF5-7B87-41F0-9B0F-E1CEB9A9336D}.Debug|x64.ActiveCfg = Debug|Any CPU
		{B9BE2CF5-7B87-41F0-9B0F-E1CEB9A9336D}.Debug|x64.Build.0 = Debug|Any CPU
		{B9BE2CF5-7B87-41F0-9B0F-E1CEB9A9336D}.Debug|x86.ActiveCfg = Debug|Any CPU
		{B9BE2CF5-7B87-41F0-9B0F-E1CEB9A9336D}.Debug|x86.Build.0 = Debug|Any CPU
		{B9BE2CF5-7B87-41F0-9B0F-E1CEB9A9336D}.Release|Any CPU.ActiveCfg = Release|Any CPU
		{B9BE2CF5-7B87-41F0-9B0F-E1CEB9A9336D}.Release|Any CPU.Build.0 = Release|Any CPU
		{B9BE2CF5-7B87-41F0-9B0F-E1CEB9A9336D}.Release|x64.ActiveCfg = Release|Any CPU
		{B9BE2CF5-7B87-41F0-9B0F-E1CEB9A9336D}.Release|x64.Build.0 = Release|Any CPU
		{B9BE2CF5-7B87-41F0-9B0F-E1CEB9A9336D}.Release|x86.ActiveCfg = Release|Any CPU
		{B9BE2CF5-7B87-41F0-9B0F-E1CEB9A9336D}.Release|x86.Build.0 = Release|Any CPU
		{29DEAADA-1DE0-4D9F-9252-B5CFA658287F}.Debug|Any CPU.ActiveCfg = Debug|Any CPU
		{29DEAADA-1DE0-4D9F-9252-B5CFA658287F}.Debug|Any CPU.Build.0 = Debug|Any CPU
		{29DEAADA-1DE0-4D9F-9252-B5CFA658287F}.Debug|x64.ActiveCfg = Debug|Any CPU
		{29DEAADA-1DE0-4D9F-9252-B5CFA658287F}.Debug|x64.Build.0 = Debug|Any CPU
		{29DEAADA-1DE0-4D9F-9252-B5CFA658287F}.Debug|x86.ActiveCfg = Debug|Any CPU
		{29DEAADA-1DE0-4D9F-9252-B5CFA658287F}.Debug|x86.Build.0 = Debug|Any CPU
		{29DEAADA-1DE0-4D9F-9252-B5CFA658287F}.Release|Any CPU.ActiveCfg = Release|Any CPU
		{29DEAADA-1DE0-4D9F-9252-B5CFA658287F}.Release|Any CPU.Build.0 = Release|Any CPU
		{29DEAADA-1DE0-4D9F-9252-B5CFA658287F}.Release|x64.ActiveCfg = Release|Any CPU
		{29DEAADA-1DE0-4D9F-9252-B5CFA658287F}.Release|x64.Build.0 = Release|Any CPU
		{29DEAADA-1DE0-4D9F-9252-B5CFA658287F}.Release|x86.ActiveCfg = Release|Any CPU
		{29DEAADA-1DE0-4D9F-9252-B5CFA658287F}.Release|x86.Build.0 = Release|Any CPU
	EndGlobalSection
EndGlobal
